<?xml version="1.0" encoding="utf-8"?>
<Project ToolsVersion="4.0" xmlns="http://schemas.microsoft.com/developer/msbuild/2003">
  <ItemGroup>
    <Filter Include="Source Files">
      <UniqueIdentifier>{4FC737F1-C7A5-4376-A066-2A32D752A2FF}</UniqueIdentifier>
      <Extensions>cpp;c;cc;cxx;def;odl;idl;hpj;bat;asm;asmx</Extensions>
    </Filter>
    <Filter Include="Resource Files">
      <UniqueIdentifier>{67DA6AB6-F800-4c08-8B7A-83BB121AAD01}</UniqueIdentifier>
      <Extensions>rc;ico;cur;bmp;dlg;rc2;rct;bin;rgs;gif;jpg;jpeg;jpe;resx;tiff;tif;png;wav;mfcribbon-ms</Extensions>
    </Filter>
    <Filter Include="Echo">
      <UniqueIdentifier>{93995380-89BD-4b04-88EB-625FBE52EBFB}</UniqueIdentifier>
      <Extensions>h;hh;hpp;hxx;hm;inl;inc;xsd</Extensions>
    </Filter>
  </ItemGroup>
  <ItemGroup>
    <ClInclude Include="Echo\ActionDispatchQueue.h">
      <Filter>Echo</Filter>
    </ClInclude>
    <ClInclude Include="Echo\AsyncResult.h">
      <Filter>Echo</Filter>
    </ClInclude>
    <ClInclude Include="Echo\Buffer.h">
      <Filter>Echo</Filter>
    </ClInclude>
    <ClInclude Include="Echo\ConditionalVariable.h">
      <Filter>Echo</Filter>
    </ClInclude>
    <ClInclude Include="Echo\CriticalSection.h">
      <Filter>Echo</Filter>
    </ClInclude>
    <ClInclude Include="Echo\Environment.h">
      <Filter>Echo</Filter>
    </ClInclude>
    <ClInclude Include="Echo\Events.h">
      <Filter>Echo</Filter>
    </ClInclude>
    <ClInclude Include="Echo\Exceptions.h">
      <Filter>Echo</Filter>
    </ClInclude>
    <ClInclude Include="Echo\File.h">
      <Filter>Echo</Filter>
    </ClInclude>
    <ClInclude Include="Echo\Handle.h">
      <Filter>Echo</Filter>
    </ClInclude>
    <ClInclude Include="Echo\HandleTraits.h">
      <Filter>Echo</Filter>
    </ClInclude>
    <ClInclude Include="Echo\IFunctionDispatcher.h">
      <Filter>Echo</Filter>
    </ClInclude>
    <ClInclude Include="Echo\ImmediateWorkItemDispatcher.h">
      <Filter>Echo</Filter>
    </ClInclude>
    <ClInclude Include="Echo\IOException.h">
      <Filter>Echo</Filter>
    </ClInclude>
    <ClInclude Include="Echo\IReaderWriter.h">
      <Filter>Echo</Filter>
    </ClInclude>
    <ClInclude Include="Echo\MemoryMappedFile.h">
      <Filter>Echo</Filter>
    </ClInclude>
    <ClInclude Include="Echo\MethodCall.h">
      <Filter>Echo</Filter>
    </ClInclude>
    <ClInclude Include="Echo\MultiWaiter.h">
      <Filter>Echo</Filter>
    </ClInclude>
    <ClInclude Include="Echo\Mutex.h">
      <Filter>Echo</Filter>
    </ClInclude>
    <ClInclude Include="Echo\OnDestruct.h">
      <Filter>Echo</Filter>
    </ClInclude>
    <ClInclude Include="Echo\Overlapped.h">
      <Filter>Echo</Filter>
    </ClInclude>
    <ClInclude Include="Echo\Semaphore.h">
      <Filter>Echo</Filter>
    </ClInclude>
    <ClInclude Include="Echo\Thread.h">
      <Filter>Echo</Filter>
    </ClInclude>
    <ClInclude Include="Echo\ThreadException.h">
      <Filter>Echo</Filter>
    </ClInclude>
    <ClInclude Include="Echo\ThreadPool.h">
      <Filter>Echo</Filter>
    </ClInclude>
    <ClInclude Include="Echo\tstring.h">
      <Filter>Echo</Filter>
    </ClInclude>
    <ClInclude Include="Echo\WaitHandle.h">
      <Filter>Echo</Filter>
    </ClInclude>
    <ClInclude Include="Echo\WinInclude.h">
      <Filter>Echo</Filter>
    </ClInclude>
    <ClInclude Include="Echo\WorkDispatchQueue.h">
      <Filter>Echo</Filter>
    </ClInclude>
    <ClInclude Include="Echo\ReadWriteLock.h">
      <Filter>Echo</Filter>
    </ClInclude>
    <ClInclude Include="Echo\Guard.h">
      <Filter>Echo</Filter>
    </ClInclude>
  </ItemGroup>
</Project>