<?xml version="1.0" encoding="utf-8"?>
<Project ToolsVersion="4.0" xmlns="http://schemas.microsoft.com/developer/msbuild/2003">
  <ItemGroup>
    <Filter Include="Source Files">
      <UniqueIdentifier>{4FC737F1-C7A5-4376-A066-2A32D752A2FF}</UniqueIdentifier>
      <Extensions>cpp;c;cc;cxx;def;odl;idl;hpj;bat;asm;asmx</Extensions>
    </Filter>
    <Filter Include="Resource Files">
      <UniqueIdentifier>{67DA6AB6-F800-4c08-8B7A-83BB121AAD01}</UniqueIdentifier>
      <Extensions>rc;ico;cur;bmp;dlg;rc2;rct;bin;rgs;gif;jpg;jpeg;jpe;resx;tiff;tif;png;wav;mfcribbon-ms</Extensions>
    </Filter>
    <Filter Include="Echo">
      <UniqueIdentifier>{93995380-89BD-4b04-88EB-625FBE52EBFB}</UniqueIdentifier>
      <Extensions>h;hh;hpp;hxx;hm;inl;inc;xsd</Extensions>
    </Filter>
  </ItemGroup>
  <ItemGroup>
    <ClInclude Include="Echo\WaitHandle.h">
      <Filter>Echo</Filter>
    </ClInclude>
    <ClInclude Include="Echo\WinInclude.h">
      <Filter>Echo</Filter>
    </ClInclude>
    <ClInclude Include="Echo\Exceptions.h">
      <Filter>Echo</Filter>
    </ClInclude>
    <ClInclude Include="Echo\HandleTraits.h">
      <Filter>Echo</Filter>
    </ClInclude>
    <ClInclude Include="Echo\tstring.h">
      <Filter>Echo</Filter>
    </ClInclude>
    <ClInclude Include="Echo\Threading\CriticalSection.h">
      <Filter>Echo</Filter>
    </ClInclude>
    <ClInclude Include="Echo\Threading\Events.h">
      <Filter>Echo</Filter>
    </ClInclude>
    <ClInclude Include="Echo\Threading\Lock.h">
      <Filter>Echo</Filter>
    </ClInclude>
    <ClInclude Include="Echo\Threading\ConditionalVariable.h">
      <Filter>Echo</Filter>
    </ClInclude>
    <ClInclude Include="Echo\Threading\All.h">
      <Filter>Echo</Filter>
    </ClInclude>
    <ClInclude Include="Echo\Threading\Thread.h">
      <Filter>Echo</Filter>
    </ClInclude>
    <ClInclude Include="Echo\Threading\ThreadPool.h">
      <Filter>Echo</Filter>
    </ClInclude>
    <ClInclude Include="Echo\Threading\ThreadException.h">
      <Filter>Echo</Filter>
    </ClInclude>
    <ClInclude Include="Echo\Threading\WorkDispatchQueue.h">
      <Filter>Echo</Filter>
    </ClInclude>
    <ClInclude Include="Echo\Execution\All.h">
      <Filter>Echo</Filter>
    </ClInclude>
    <ClInclude Include="Echo\Execution\OnDestruct.h">
      <Filter>Echo</Filter>
    </ClInclude>
    <ClInclude Include="Echo\Threading\ActionDispatchQueue.h">
      <Filter>Echo</Filter>
    </ClInclude>
    <ClInclude Include="Echo\Threading\ImmediateWorkItemDispatcher.h">
      <Filter>Echo</Filter>
    </ClInclude>
    <ClInclude Include="Echo\IO\All.h">
      <Filter>Echo</Filter>
    </ClInclude>
    <ClInclude Include="Echo\Handle.h">
      <Filter>Echo</Filter>
    </ClInclude>
    <ClInclude Include="Echo\IO\IOException.h">
      <Filter>Echo</Filter>
    </ClInclude>
    <ClInclude Include="Echo\IO\Overlapped.h">
      <Filter>Echo</Filter>
    </ClInclude>
    <ClInclude Include="Echo\IO\File.h">
      <Filter>Echo</Filter>
    </ClInclude>
    <ClInclude Include="Echo\Execution\Buffer.h">
      <Filter>Echo</Filter>
    </ClInclude>
    <ClInclude Include="Echo\IO\AsyncResult.h">
      <Filter>Echo</Filter>
    </ClInclude>
    <ClInclude Include="Echo\Threading\IFunctionDispatcher.h">
      <Filter>Echo</Filter>
    </ClInclude>
    <ClInclude Include="Echo\Threading\Mutex.h">
      <Filter>Echo</Filter>
    </ClInclude>
    <ClInclude Include="Echo\Threading\Semaphore.h">
      <Filter>Echo</Filter>
    </ClInclude>
    <ClInclude Include="Echo\All.h">
      <Filter>Echo</Filter>
    </ClInclude>
    <ClInclude Include="Echo\IO\IReaderWriter.h">
      <Filter>Echo</Filter>
    </ClInclude>
  </ItemGroup>
</Project>