<?xml version="1.0" encoding="utf-8"?>
<Project ToolsVersion="4.0" xmlns="http://schemas.microsoft.com/developer/msbuild/2003">
  <ItemGroup>
    <Filter Include="Source Files">
      <UniqueIdentifier>{4FC737F1-C7A5-4376-A066-2A32D752A2FF}</UniqueIdentifier>
      <Extensions>cpp;c;cc;cxx;def;odl;idl;hpj;bat;asm;asmx</Extensions>
    </Filter>
    <Filter Include="Resource Files">
      <UniqueIdentifier>{67DA6AB6-F800-4c08-8B7A-83BB121AAD01}</UniqueIdentifier>
      <Extensions>rc;ico;cur;bmp;dlg;rc2;rct;bin;rgs;gif;jpg;jpeg;jpe;resx;tiff;tif;png;wav;mfcribbon-ms</Extensions>
    </Filter>
    <Filter Include="Echo">
      <UniqueIdentifier>{93995380-89BD-4b04-88EB-625FBE52EBFB}</UniqueIdentifier>
      <Extensions>h;hh;hpp;hxx;hm;inl;inc;xsd</Extensions>
    </Filter>
    <Filter Include="include">
      <UniqueIdentifier>{e396ed90-daf2-4fa4-bb32-a4e43d285773}</UniqueIdentifier>
    </Filter>
    <Filter Include="include\Echo">
      <UniqueIdentifier>{9d82afcb-2372-4125-a836-39b5fea8736e}</UniqueIdentifier>
    </Filter>
  </ItemGroup>
  <ItemGroup>
    <ClInclude Include="Echo\Include\Echo\ActionDispatchQueue.h">
      <Filter>include\Echo</Filter>
    </ClInclude>
    <ClInclude Include="Echo\Include\Echo\AsyncResult.h">
      <Filter>include\Echo</Filter>
    </ClInclude>
    <ClInclude Include="Echo\Include\Echo\Buffer.h">
      <Filter>include\Echo</Filter>
    </ClInclude>
    <ClInclude Include="Echo\Include\Echo\ConditionalVariable.h">
      <Filter>include\Echo</Filter>
    </ClInclude>
    <ClInclude Include="Echo\Include\Echo\CriticalSection.h">
      <Filter>include\Echo</Filter>
    </ClInclude>
    <ClInclude Include="Echo\Include\Echo\Environment.h">
      <Filter>include\Echo</Filter>
    </ClInclude>
    <ClInclude Include="Echo\Include\Echo\Events.h">
      <Filter>include\Echo</Filter>
    </ClInclude>
    <ClInclude Include="Echo\Include\Echo\Exceptions.h">
      <Filter>include\Echo</Filter>
    </ClInclude>
    <ClInclude Include="Echo\Include\Echo\File.h">
      <Filter>include\Echo</Filter>
    </ClInclude>
    <ClInclude Include="Echo\Include\Echo\Guard.h">
      <Filter>include\Echo</Filter>
    </ClInclude>
    <ClInclude Include="Echo\Include\Echo\Handle.h">
      <Filter>include\Echo</Filter>
    </ClInclude>
    <ClInclude Include="Echo\Include\Echo\HandleTraits.h">
      <Filter>include\Echo</Filter>
    </ClInclude>
    <ClInclude Include="Echo\Include\Echo\IFunctionDispatcher.h">
      <Filter>include\Echo</Filter>
    </ClInclude>
    <ClInclude Include="Echo\Include\Echo\ImmediateWorkItemDispatcher.h">
      <Filter>include\Echo</Filter>
    </ClInclude>
    <ClInclude Include="Echo\Include\Echo\IReaderWriter.h">
      <Filter>include\Echo</Filter>
    </ClInclude>
    <ClInclude Include="Echo\Include\Echo\MemoryMappedFile.h">
      <Filter>include\Echo</Filter>
    </ClInclude>
    <ClInclude Include="Echo\Include\Echo\MethodCall.h">
      <Filter>include\Echo</Filter>
    </ClInclude>
    <ClInclude Include="Echo\Include\Echo\MultiWaiter.h">
      <Filter>include\Echo</Filter>
    </ClInclude>
    <ClInclude Include="Echo\Include\Echo\Mutex.h">
      <Filter>include\Echo</Filter>
    </ClInclude>
    <ClInclude Include="Echo\Include\Echo\OnDestruct.h">
      <Filter>include\Echo</Filter>
    </ClInclude>
    <ClInclude Include="Echo\Include\Echo\Overlapped.h">
      <Filter>include\Echo</Filter>
    </ClInclude>
    <ClInclude Include="Echo\Include\Echo\ReadWriteLock.h">
      <Filter>include\Echo</Filter>
    </ClInclude>
    <ClInclude Include="Echo\Include\Echo\Semaphore.h">
      <Filter>include\Echo</Filter>
    </ClInclude>
    <ClInclude Include="Echo\Include\Echo\Thread.h">
      <Filter>include\Echo</Filter>
    </ClInclude>
    <ClInclude Include="Echo\Include\Echo\ThreadPool.h">
      <Filter>include\Echo</Filter>
    </ClInclude>
    <ClInclude Include="Echo\Include\Echo\tstring.h">
      <Filter>include\Echo</Filter>
    </ClInclude>
    <ClInclude Include="Echo\Include\Echo\WaitHandle.h">
      <Filter>include\Echo</Filter>
    </ClInclude>
    <ClInclude Include="Echo\Include\Echo\WinInclude.h">
      <Filter>include\Echo</Filter>
    </ClInclude>
    <ClInclude Include="Echo\Include\Echo\WorkDispatchQueue.h">
      <Filter>include\Echo</Filter>
    </ClInclude>
  </ItemGroup>
</Project>