<?xml version="1.0" encoding="utf-8"?>
<Project ToolsVersion="4.0" xmlns="http://schemas.microsoft.com/developer/msbuild/2003">
  <ItemGroup>
    <Filter Include="Source Files">
      <UniqueIdentifier>{4FC737F1-C7A5-4376-A066-2A32D752A2FF}</UniqueIdentifier>
      <Extensions>cpp;c;cc;cxx;def;odl;idl;hpj;bat;asm;asmx</Extensions>
    </Filter>
    <Filter Include="Header Files">
      <UniqueIdentifier>{93995380-89BD-4b04-88EB-625FBE52EBFB}</UniqueIdentifier>
      <Extensions>h;hh;hpp;hxx;hm;inl;inc;xsd</Extensions>
    </Filter>
    <Filter Include="Resource Files">
      <UniqueIdentifier>{67DA6AB6-F800-4c08-8B7A-83BB121AAD01}</UniqueIdentifier>
      <Extensions>rc;ico;cur;bmp;dlg;rc2;rct;bin;rgs;gif;jpg;jpeg;jpe;resx;tiff;tif;png;wav;mfcribbon-ms</Extensions>
    </Filter>
  </ItemGroup>
  <ItemGroup>
    <ClInclude Include="stdafx.h">
      <Filter>Header Files</Filter>
    </ClInclude>
    <ClInclude Include="targetver.h">
      <Filter>Header Files</Filter>
    </ClInclude>
  </ItemGroup>
  <ItemGroup>
    <ClCompile Include="stdafx.cpp">
      <Filter>Source Files</Filter>
    </ClCompile>
    <ClCompile Include="tstring_tests.cpp">
      <Filter>Source Files</Filter>
    </ClCompile>
    <ClCompile Include="ActionDispatchQueueTests.cpp">
      <Filter>Source Files</Filter>
    </ClCompile>
    <ClCompile Include="BufferTests.cpp">
      <Filter>Source Files</Filter>
    </ClCompile>
    <ClCompile Include="OnDestructTests.cpp">
      <Filter>Source Files</Filter>
    </ClCompile>
    <ClCompile Include="CriticalSectionTests.cpp">
      <Filter>Source Files</Filter>
    </ClCompile>
    <ClCompile Include="EventsTests.cpp">
      <Filter>Source Files</Filter>
    </ClCompile>
    <ClCompile Include="FileTests.cpp">
      <Filter>Source Files</Filter>
    </ClCompile>
    <ClCompile Include="MemoryMappedFileTests.cpp">
      <Filter>Source Files</Filter>
    </ClCompile>
    <ClCompile Include="MethodCallTests.cpp">
      <Filter>Source Files</Filter>
    </ClCompile>
    <ClCompile Include="MultiWaiterTests.cpp">
      <Filter>Source Files</Filter>
    </ClCompile>
    <ClCompile Include="MutexTests.cpp">
      <Filter>Source Files</Filter>
    </ClCompile>
    <ClCompile Include="OverlappedTests.cpp">
      <Filter>Source Files</Filter>
    </ClCompile>
    <ClCompile Include="ReadWriteLockTests.cpp">
      <Filter>Source Files</Filter>
    </ClCompile>
    <ClCompile Include="SemaphoreTests.cpp">
      <Filter>Source Files</Filter>
    </ClCompile>
    <ClCompile Include="ThreadTests.cpp">
      <Filter>Source Files</Filter>
    </ClCompile>
    <ClCompile Include="ThreadPoolTests.cpp">
      <Filter>Source Files</Filter>
    </ClCompile>
    <ClCompile Include="WorkDispatchQueueTests.cpp">
      <Filter>Source Files</Filter>
    </ClCompile>
    <ClCompile Include="ConditionalVariableTests.cpp">
      <Filter>Source Files</Filter>
    </ClCompile>
    <ClCompile Include="ExceptionTests.cpp">
      <Filter>Source Files</Filter>
    </ClCompile>
  </ItemGroup>
</Project>